
Microsoft Visual Studio Solution File, Format Version 12.00
# Visual Studio Version 17
VisualStudioVersion = 17.4.33110.190
MinimumVisualStudioVersion = 10.0.40219.1
Project("{FAE04EC0-301F-11D3-BF4B-00C04F79EFBC}") = "Open-Lab-10.05", "Open-Lab-10.05\Open-Lab-10.05.csproj", "{33BDD74C-782D-4CBA-A1DF-A7A3CB9F2B27}"
EndProject
Global
	GlobalSection(SolutionConfigurationPlatforms) = preSolution
		Debug|Any CPU = Debug|Any CPU
		Release|Any CPU = Release|Any CPU
	EndGlobalSection
	GlobalSection(ProjectConfigurationPlatforms) = postSolution
		{33BDD74C-782D-4CBA-A1DF-A7A3CB9F2B27}.Debug|Any CPU.ActiveCfg = Debug|Any CPU
		{33BDD74C-782D-4CBA-A1DF-A7A3CB9F2B27}.Debug|Any CPU.Build.0 = Debug|Any CPU
		{33BDD74C-782D-4CBA-A1DF-A7A3CB9F2B27}.Release|Any CPU.ActiveCfg = Release|Any CPU
		{33BDD74C-782D-4CBA-A1DF-A7A3CB9F2B27}.Release|Any CPU.Build.0 = Release|Any CPU
	EndGlobalSection
	GlobalSection(SolutionProperties) = preSolution
		HideSolutionNode = FALSE
	EndGlobalSection
	GlobalSection(ExtensibilityGlobals) = postSolution
		SolutionGuid = {9B02D826-32A7-4904-9E70-1DA28B389D44}
	EndGlobalSection
EndGlobal
